
Microsoft Visual Studio Solution File, Format Version 12.00
# Visual Studio Version 17
VisualStudioVersion = 17.7.34221.43
MinimumVisualStudioVersion = 10.0.40219.1
Project("{FAE04EC0-301F-11D3-BF4B-00C04F79EFBC}") = "jpwp", "jpwp\jpwp.csproj", "{1804B21D-4A63-411B-B560-1E9F1DD1411F}"
EndProject
Global
	GlobalSection(SolutionConfigurationPlatforms) = preSolution
		Debug|Any CPU = Debug|Any CPU
		Release|Any CPU = Release|Any CPU
	EndGlobalSection
	GlobalSection(ProjectConfigurationPlatforms) = postSolution
		{1804B21D-4A63-411B-B560-1E9F1DD1411F}.Debug|Any CPU.ActiveCfg = Debug|Any CPU
		{1804B21D-4A63-411B-B560-1E9F1DD1411F}.Debug|Any CPU.Build.0 = Debug|Any CPU
		{1804B21D-4A63-411B-B560-1E9F1DD1411F}.Release|Any CPU.ActiveCfg = Release|Any CPU
		{1804B21D-4A63-411B-B560-1E9F1DD1411F}.Release|Any CPU.Build.0 = Release|Any CPU
	EndGlobalSection
	GlobalSection(SolutionProperties) = preSolution
		HideSolutionNode = FALSE
	EndGlobalSection
	GlobalSection(ExtensibilityGlobals) = postSolution
		SolutionGuid = {29FE84EC-D503-40EE-A4BD-032C55A4C900}
	EndGlobalSection
EndGlobal
